
Microsoft Visual Studio Solution File, Format Version 12.00
# Visual Studio Version 16
VisualStudioVersion = 16.0.30225.117
MinimumVisualStudioVersion = 10.0.40219.1
Project("{FAE04EC0-301F-11D3-BF4B-00C04F79EFBC}") = "GithubMonitorApp", "GithubMonitorApp.csproj", "{B563A1D1-2745-4F8E-90B3-B3822A27F523}"
EndProject
Global
	GlobalSection(SolutionConfigurationPlatforms) = preSolution
		Debug|Any CPU = Debug|Any CPU
		Release|Any CPU = Release|Any CPU
	EndGlobalSection
	GlobalSection(ProjectConfigurationPlatforms) = postSolution
		{B563A1D1-2745-4F8E-90B3-B3822A27F523}.Debug|Any CPU.ActiveCfg = Debug|Any CPU
		{B563A1D1-2745-4F8E-90B3-B3822A27F523}.Debug|Any CPU.Build.0 = Debug|Any CPU
		{B563A1D1-2745-4F8E-90B3-B3822A27F523}.Release|Any CPU.ActiveCfg = Release|Any CPU
		{B563A1D1-2745-4F8E-90B3-B3822A27F523}.Release|Any CPU.Build.0 = Release|Any CPU
	EndGlobalSection
	GlobalSection(SolutionProperties) = preSolution
		HideSolutionNode = FALSE
	EndGlobalSection
	GlobalSection(ExtensibilityGlobals) = postSolution
		SolutionGuid = {DB3BA1CF-D419-414F-BC99-2ACF12A51230}
	EndGlobalSection
EndGlobal
